// !$*UTF8*$!
{
	archiveVersion = 1;
	classes = {
	};
	objectVersion = 46;
	objects = {

/* Begin PBXBuildFile section */
		040DC8671FF223FD006C83F2 /* SignInViewController.swift in Sources */ = {isa = PBXBuildFile; fileRef = 040DC8661FF223FD006C83F2 /* SignInViewController.swift */; };
		040DC8691FF224B5006C83F2 /* WorldContentTableViewController.swift in Sources */ = {isa = PBXBuildFile; fileRef = 040DC8681FF224B5006C83F2 /* WorldContentTableViewController.swift */; };
		040DC86B1FF227F8006C83F2 /* ResetPasswordViewController.swift in Sources */ = {isa = PBXBuildFile; fileRef = 040DC86A1FF227F8006C83F2 /* ResetPasswordViewController.swift */; };
		04153EDD200C8B4800F7B404 /* AcrossWorldViewController.swift in Sources */ = {isa = PBXBuildFile; fileRef = 04153EDC200C8B4800F7B404 /* AcrossWorldViewController.swift */; };
		043044E21FF0B6B600677427 /* CreateAccountViewController.swift in Sources */ = {isa = PBXBuildFile; fileRef = 043044E11FF0B6B600677427 /* CreateAccountViewController.swift */; };
		04798AB51DD9016300155341 /* MoreTableViewController.swift in Sources */ = {isa = PBXBuildFile; fileRef = 04798AB41DD9016300155341 /* MoreTableViewController.swift */; };
		04947C6B1E123E330069ABCA /* MoreFromDeveloperTableViewController.swift in Sources */ = {isa = PBXBuildFile; fileRef = 04947C6A1E123E330069ABCA /* MoreFromDeveloperTableViewController.swift */; };
		04947C6D1E1249670069ABCA /* TutorialPageViewController.swift in Sources */ = {isa = PBXBuildFile; fileRef = 04947C6C1E1249670069ABCA /* TutorialPageViewController.swift */; };
		049DC34C1FDF516B00A5C2EF /* GameplayInterfaceController.swift in Sources */ = {isa = PBXBuildFile; fileRef = 049DC34B1FDF516B00A5C2EF /* GameplayInterfaceController.swift */; };
		049DC34E1FDF832E00A5C2EF /* GameOverInterfaceController.swift in Sources */ = {isa = PBXBuildFile; fileRef = 049DC34D1FDF832E00A5C2EF /* GameOverInterfaceController.swift */; };
		04A504E41DD86A9D003645CD /* StartViewController.swift in Sources */ = {isa = PBXBuildFile; fileRef = 04A504E31DD86A9D003645CD /* StartViewController.swift */; };
		04A526FD1E13173B0014AA27 /* FourthPageViewController.swift in Sources */ = {isa = PBXBuildFile; fileRef = 04A526FC1E13173B0014AA27 /* FourthPageViewController.swift */; };
		04A526FF1E1319E90014AA27 /* LastPageViewController.swift in Sources */ = {isa = PBXBuildFile; fileRef = 04A526FE1E1319E90014AA27 /* LastPageViewController.swift */; };
		04A590F21E0E43E100EB324E /* PlayerNamesViewController.swift in Sources */ = {isa = PBXBuildFile; fileRef = 04A590F11E0E43E100EB324E /* PlayerNamesViewController.swift */; };
		04A5A3DD1E1F7A64000BE689 /* TapedupStatusViewController.swift in Sources */ = {isa = PBXBuildFile; fileRef = 04A5A3DC1E1F7A64000BE689 /* TapedupStatusViewController.swift */; };
		04A6B97C1FDE8B8800EF6DFF /* Interface.storyboard in Resources */ = {isa = PBXBuildFile; fileRef = 04A6B97A1FDE8B8800EF6DFF /* Interface.storyboard */; };
		04A6B97E1FDE8B8800EF6DFF /* Assets.xcassets in Resources */ = {isa = PBXBuildFile; fileRef = 04A6B97D1FDE8B8800EF6DFF /* Assets.xcassets */; };
		04A6B9851FDE8B8800EF6DFF /* QuickTapWE Extension.appex in Embed App Extensions */ = {isa = PBXBuildFile; fileRef = 04A6B9841FDE8B8800EF6DFF /* QuickTapWE Extension.appex */; settings = {ATTRIBUTES = (RemoveHeadersOnCopy, ); }; };
		04A6B98A1FDE8B8800EF6DFF /* InterfaceController.swift in Sources */ = {isa = PBXBuildFile; fileRef = 04A6B9891FDE8B8800EF6DFF /* InterfaceController.swift */; };
		04A6B98C1FDE8B8800EF6DFF /* ExtensionDelegate.swift in Sources */ = {isa = PBXBuildFile; fileRef = 04A6B98B1FDE8B8800EF6DFF /* ExtensionDelegate.swift */; };
		04A6B98E1FDE8B8800EF6DFF /* Assets.xcassets in Resources */ = {isa = PBXBuildFile; fileRef = 04A6B98D1FDE8B8800EF6DFF /* Assets.xcassets */; };
		04A6B9921FDE8B8800EF6DFF /* QuickTapWE.app in Embed Watch Content */ = {isa = PBXBuildFile; fileRef = 04A6B9781FDE8B8800EF6DFF /* QuickTapWE.app */; };
		04A6B99C1FDE97C100EF6DFF /* TimeModeInterfaceController.swift in Sources */ = {isa = PBXBuildFile; fileRef = 04A6B99B1FDE97C100EF6DFF /* TimeModeInterfaceController.swift */; };
		04A6B99E1FDE97D900EF6DFF /* HighscoreModeInterfaceController.swift in Sources */ = {isa = PBXBuildFile; fileRef = 04A6B99D1FDE97D900EF6DFF /* HighscoreModeInterfaceController.swift */; };
		04AB65371E206C1200655282 /* HighscoreViewController.swift in Sources */ = {isa = PBXBuildFile; fileRef = 04AB65361E206C1200655282 /* HighscoreViewController.swift */; };
		04AE3C921E1B89780020AB16 /* AccountViewController.swift in Sources */ = {isa = PBXBuildFile; fileRef = 04AE3C911E1B89780020AB16 /* AccountViewController.swift */; };
		04B524891FEBB29700337D34 /* SettingsTableViewController.swift in Sources */ = {isa = PBXBuildFile; fileRef = 04B524881FEBB29700337D34 /* SettingsTableViewController.swift */; };
		04B8FE6B1E236E280037E11A /* TimesPlayedViewController.swift in Sources */ = {isa = PBXBuildFile; fileRef = 04B8FE6A1E236E280037E11A /* TimesPlayedViewController.swift */; };
		04DC69A21DD848270091D69B /* GameOverViewController.swift in Sources */ = {isa = PBXBuildFile; fileRef = 04DC69A11DD848270091D69B /* GameOverViewController.swift */; };
		04E0C8941FF0B21100DA0E6A /* GoogleService-Info.plist in Resources */ = {isa = PBXBuildFile; fileRef = 04E0C8931FF0B21100DA0E6A /* GoogleService-Info.plist */; };
		04E2316C1DD81175001B70D2 /* AppDelegate.swift in Sources */ = {isa = PBXBuildFile; fileRef = 04E2316B1DD81175001B70D2 /* AppDelegate.swift */; };
		04E2316E1DD81175001B70D2 /* ViewController.swift in Sources */ = {isa = PBXBuildFile; fileRef = 04E2316D1DD81175001B70D2 /* ViewController.swift */; };
		04E231711DD81175001B70D2 /* Main.storyboard in Resources */ = {isa = PBXBuildFile; fileRef = 04E2316F1DD81175001B70D2 /* Main.storyboard */; };
		04E231731DD81175001B70D2 /* Assets.xcassets in Resources */ = {isa = PBXBuildFile; fileRef = 04E231721DD81175001B70D2 /* Assets.xcassets */; };
		04E231761DD81175001B70D2 /* LaunchScreen.storyboard in Resources */ = {isa = PBXBuildFile; fileRef = 04E231741DD81175001B70D2 /* LaunchScreen.storyboard */; };
		04E231811DD81175001B70D2 /* TapTests.swift in Sources */ = {isa = PBXBuildFile; fileRef = 04E231801DD81175001B70D2 /* TapTests.swift */; };
		04E2318C1DD81175001B70D2 /* TapUITests.swift in Sources */ = {isa = PBXBuildFile; fileRef = 04E2318B1DD81175001B70D2 /* TapUITests.swift */; };
		04EFA9741E0F5F80007DC4BB /* AboutViewController.swift in Sources */ = {isa = PBXBuildFile; fileRef = 04EFA9731E0F5F80007DC4BB /* AboutViewController.swift */; };
		04F9D9191DDEBDB8003069DD /* MultiplayerViewController.swift in Sources */ = {isa = PBXBuildFile; fileRef = 04F9D9181DDEBDB8003069DD /* MultiplayerViewController.swift */; };
		1E717A4FF28DFDD8591FE274 /* Pods_QuickTapWE_Extension.framework in Frameworks */ = {isa = PBXBuildFile; fileRef = 73ECD64ADE623D93BEB5725D /* Pods_QuickTapWE_Extension.framework */; };
		5533AD0BAA771AC414C70C3F /* Pods_TapTests.framework in Frameworks */ = {isa = PBXBuildFile; fileRef = 898D1F5FE27552B9BAE2D7C8 /* Pods_TapTests.framework */; };
		6D6A1E4BE5EA3E12A7197267 /* Pods_Tap.framework in Frameworks */ = {isa = PBXBuildFile; fileRef = 6EE6B6721CA202F040172A40 /* Pods_Tap.framework */; };
		937499AE1E2610430002EAF5 /* LocalAuthentication.framework in Frameworks */ = {isa = PBXBuildFile; fileRef = 937499AD1E2610430002EAF5 /* LocalAuthentication.framework */; };
		9E4976277FBA8B2C75D9A392 /* Pods_QuickTapWE.framework in Frameworks */ = {isa = PBXBuildFile; fileRef = CF37EC50AC873A6736405A30 /* Pods_QuickTapWE.framework */; };
		C8E8A21C003B207D60033A4A /* Pods_TapUITests.framework in Frameworks */ = {isa = PBXBuildFile; fileRef = 76F2D054D402BA7603318BA3 /* Pods_TapUITests.framework */; };
/* End PBXBuildFile section */

/* Begin PBXContainerItemProxy section */
		04A6B9861FDE8B8800EF6DFF /* PBXContainerItemProxy */ = {
			isa = PBXContainerItemProxy;
			containerPortal = 04E231601DD81174001B70D2 /* Project object */;
			proxyType = 1;
			remoteGlobalIDString = 04A6B9831FDE8B8800EF6DFF;
			remoteInfo = "QuickTapWE Extension";
		};
		04A6B9901FDE8B8800EF6DFF /* PBXContainerItemProxy */ = {
			isa = PBXContainerItemProxy;
			containerPortal = 04E231601DD81174001B70D2 /* Project object */;
			proxyType = 1;
			remoteGlobalIDString = 04A6B9771FDE8B8800EF6DFF;
			remoteInfo = QuickTapWE;
		};
		04E2317D1DD81175001B70D2 /* PBXContainerItemProxy */ = {
			isa = PBXContainerItemProxy;
			containerPortal = 04E231601DD81174001B70D2 /* Project object */;
			proxyType = 1;
			remoteGlobalIDString = 04E231671DD81175001B70D2;
			remoteInfo = Tap;
		};
		04E231881DD81175001B70D2 /* PBXContainerItemProxy */ = {
			isa = PBXContainerItemProxy;
			containerPortal = 04E231601DD81174001B70D2 /* Project object */;
			proxyType = 1;
			remoteGlobalIDString = 04E231671DD81175001B70D2;
			remoteInfo = Tap;
		};
/* End PBXContainerItemProxy section */

/* Begin PBXCopyFilesBuildPhase section */
		04A6B9961FDE8B8800EF6DFF /* Embed App Extensions */ = {
			isa = PBXCopyFilesBuildPhase;
			buildActionMask = 2147483647;
			dstPath = "";
			dstSubfolderSpec = 13;
			files = (
				04A6B9851FDE8B8800EF6DFF /* QuickTapWE Extension.appex in Embed App Extensions */,
			);
			name = "Embed App Extensions";
			runOnlyForDeploymentPostprocessing = 0;
		};
		04A6B99A1FDE8B8800EF6DFF /* Embed Watch Content */ = {
			isa = PBXCopyFilesBuildPhase;
			buildActionMask = 2147483647;
			dstPath = "$(CONTENTS_FOLDER_PATH)/Watch";
			dstSubfolderSpec = 16;
			files = (
				04A6B9921FDE8B8800EF6DFF /* QuickTapWE.app in Embed Watch Content */,
			);
			name = "Embed Watch Content";
			runOnlyForDeploymentPostprocessing = 0;
		};
/* End PBXCopyFilesBuildPhase section */

/* Begin PBXFileReference section */
		040B10D91FE0E2F700B421A4 /* QuickTapWE Extension.entitlements */ = {isa = PBXFileReference; lastKnownFileType = text.plist.entitlements; path = "QuickTapWE Extension.entitlements"; sourceTree = "<group>"; };
		040DC8661FF223FD006C83F2 /* SignInViewController.swift */ = {isa = PBXFileReference; lastKnownFileType = sourcecode.swift; path = SignInViewController.swift; sourceTree = "<group>"; };
		040DC8681FF224B5006C83F2 /* WorldContentTableViewController.swift */ = {isa = PBXFileReference; lastKnownFileType = sourcecode.swift; path = WorldContentTableViewController.swift; sourceTree = "<group>"; };
		040DC86A1FF227F8006C83F2 /* ResetPasswordViewController.swift */ = {isa = PBXFileReference; lastKnownFileType = sourcecode.swift; path = ResetPasswordViewController.swift; sourceTree = "<group>"; };
		04153EDC200C8B4800F7B404 /* AcrossWorldViewController.swift */ = {isa = PBXFileReference; lastKnownFileType = sourcecode.swift; path = AcrossWorldViewController.swift; sourceTree = "<group>"; };
		043044E11FF0B6B600677427 /* CreateAccountViewController.swift */ = {isa = PBXFileReference; lastKnownFileType = sourcecode.swift; path = CreateAccountViewController.swift; sourceTree = "<group>"; };
		047961921FE0AEF400D9BC00 /* QuickTapWE.entitlements */ = {isa = PBXFileReference; lastKnownFileType = text.plist.entitlements; path = QuickTapWE.entitlements; sourceTree = "<group>"; };
		04798AB41DD9016300155341 /* MoreTableViewController.swift */ = {isa = PBXFileReference; fileEncoding = 4; lastKnownFileType = sourcecode.swift; path = MoreTableViewController.swift; sourceTree = "<group>"; };
		04947C6A1E123E330069ABCA /* MoreFromDeveloperTableViewController.swift */ = {isa = PBXFileReference; fileEncoding = 4; lastKnownFileType = sourcecode.swift; path = MoreFromDeveloperTableViewController.swift; sourceTree = "<group>"; };
		04947C6C1E1249670069ABCA /* TutorialPageViewController.swift */ = {isa = PBXFileReference; fileEncoding = 4; lastKnownFileType = sourcecode.swift; path = TutorialPageViewController.swift; sourceTree = "<group>"; };
		049DC34B1FDF516B00A5C2EF /* GameplayInterfaceController.swift */ = {isa = PBXFileReference; lastKnownFileType = sourcecode.swift; path = GameplayInterfaceController.swift; sourceTree = "<group>"; };
		049DC34D1FDF832E00A5C2EF /* GameOverInterfaceController.swift */ = {isa = PBXFileReference; lastKnownFileType = sourcecode.swift; path = GameOverInterfaceController.swift; sourceTree = "<group>"; };
		04A504E31DD86A9D003645CD /* StartViewController.swift */ = {isa = PBXFileReference; fileEncoding = 4; lastKnownFileType = sourcecode.swift; path = StartViewController.swift; sourceTree = "<group>"; };
		04A526FC1E13173B0014AA27 /* FourthPageViewController.swift */ = {isa = PBXFileReference; fileEncoding = 4; lastKnownFileType = sourcecode.swift; path = FourthPageViewController.swift; sourceTree = "<group>"; };
		04A526FE1E1319E90014AA27 /* LastPageViewController.swift */ = {isa = PBXFileReference; fileEncoding = 4; lastKnownFileType = sourcecode.swift; path = LastPageViewController.swift; sourceTree = "<group>"; };
		04A590F11E0E43E100EB324E /* PlayerNamesViewController.swift */ = {isa = PBXFileReference; fileEncoding = 4; lastKnownFileType = sourcecode.swift; path = PlayerNamesViewController.swift; sourceTree = "<group>"; };
		04A5A3DC1E1F7A64000BE689 /* TapedupStatusViewController.swift */ = {isa = PBXFileReference; fileEncoding = 4; lastKnownFileType = sourcecode.swift; path = TapedupStatusViewController.swift; sourceTree = "<group>"; };
		04A6B9781FDE8B8800EF6DFF /* QuickTapWE.app */ = {isa = PBXFileReference; explicitFileType = wrapper.application; includeInIndex = 0; path = QuickTapWE.app; sourceTree = BUILT_PRODUCTS_DIR; };
		04A6B97B1FDE8B8800EF6DFF /* Base */ = {isa = PBXFileReference; lastKnownFileType = file.storyboard; name = Base; path = Base.lproj/Interface.storyboard; sourceTree = "<group>"; };
		04A6B97D1FDE8B8800EF6DFF /* Assets.xcassets */ = {isa = PBXFileReference; lastKnownFileType = folder.assetcatalog; path = Assets.xcassets; sourceTree = "<group>"; };
		04A6B97F1FDE8B8800EF6DFF /* Info.plist */ = {isa = PBXFileReference; lastKnownFileType = text.plist.xml; path = Info.plist; sourceTree = "<group>"; };
		04A6B9841FDE8B8800EF6DFF /* QuickTapWE Extension.appex */ = {isa = PBXFileReference; explicitFileType = "wrapper.app-extension"; includeInIndex = 0; path = "QuickTapWE Extension.appex"; sourceTree = BUILT_PRODUCTS_DIR; };
		04A6B9891FDE8B8800EF6DFF /* InterfaceController.swift */ = {isa = PBXFileReference; lastKnownFileType = sourcecode.swift; path = InterfaceController.swift; sourceTree = "<group>"; };
		04A6B98B1FDE8B8800EF6DFF /* ExtensionDelegate.swift */ = {isa = PBXFileReference; lastKnownFileType = sourcecode.swift; path = ExtensionDelegate.swift; sourceTree = "<group>"; };
		04A6B98D1FDE8B8800EF6DFF /* Assets.xcassets */ = {isa = PBXFileReference; lastKnownFileType = folder.assetcatalog; path = Assets.xcassets; sourceTree = "<group>"; };
		04A6B98F1FDE8B8800EF6DFF /* Info.plist */ = {isa = PBXFileReference; lastKnownFileType = text.plist.xml; path = Info.plist; sourceTree = "<group>"; };
		04A6B99B1FDE97C100EF6DFF /* TimeModeInterfaceController.swift */ = {isa = PBXFileReference; lastKnownFileType = sourcecode.swift; path = TimeModeInterfaceController.swift; sourceTree = "<group>"; };
		04A6B99D1FDE97D900EF6DFF /* HighscoreModeInterfaceController.swift */ = {isa = PBXFileReference; lastKnownFileType = sourcecode.swift; path = HighscoreModeInterfaceController.swift; sourceTree = "<group>"; };
		04AB65361E206C1200655282 /* HighscoreViewController.swift */ = {isa = PBXFileReference; fileEncoding = 4; lastKnownFileType = sourcecode.swift; path = HighscoreViewController.swift; sourceTree = "<group>"; };
		04AE3C911E1B89780020AB16 /* AccountViewController.swift */ = {isa = PBXFileReference; fileEncoding = 4; lastKnownFileType = sourcecode.swift; path = AccountViewController.swift; sourceTree = "<group>"; };
		04B524881FEBB29700337D34 /* SettingsTableViewController.swift */ = {isa = PBXFileReference; lastKnownFileType = sourcecode.swift; path = SettingsTableViewController.swift; sourceTree = "<group>"; };
		04B8FE6A1E236E280037E11A /* TimesPlayedViewController.swift */ = {isa = PBXFileReference; fileEncoding = 4; lastKnownFileType = sourcecode.swift; path = TimesPlayedViewController.swift; sourceTree = "<group>"; };
		04DC69A11DD848270091D69B /* GameOverViewController.swift */ = {isa = PBXFileReference; fileEncoding = 4; lastKnownFileType = sourcecode.swift; path = GameOverViewController.swift; sourceTree = "<group>"; };
		04E0C8931FF0B21100DA0E6A /* GoogleService-Info.plist */ = {isa = PBXFileReference; fileEncoding = 4; lastKnownFileType = text.plist.xml; name = "GoogleService-Info.plist"; path = "../../../Downloads/GoogleService-Info.plist"; sourceTree = "<group>"; };
		04E231681DD81175001B70D2 /* Tap.app */ = {isa = PBXFileReference; explicitFileType = wrapper.application; includeInIndex = 0; path = Tap.app; sourceTree = BUILT_PRODUCTS_DIR; };
		04E2316B1DD81175001B70D2 /* AppDelegate.swift */ = {isa = PBXFileReference; lastKnownFileType = sourcecode.swift; path = AppDelegate.swift; sourceTree = "<group>"; };
		04E2316D1DD81175001B70D2 /* ViewController.swift */ = {isa = PBXFileReference; lastKnownFileType = sourcecode.swift; path = ViewController.swift; sourceTree = "<group>"; };
		04E231701DD81175001B70D2 /* Base */ = {isa = PBXFileReference; lastKnownFileType = file.storyboard; name = Base; path = Base.lproj/Main.storyboard; sourceTree = "<group>"; };
		04E231721DD81175001B70D2 /* Assets.xcassets */ = {isa = PBXFileReference; lastKnownFileType = folder.assetcatalog; path = Assets.xcassets; sourceTree = "<group>"; };
		04E231751DD81175001B70D2 /* Base */ = {isa = PBXFileReference; lastKnownFileType = file.storyboard; name = Base; path = Base.lproj/LaunchScreen.storyboard; sourceTree = "<group>"; };
		04E231771DD81175001B70D2 /* Info.plist */ = {isa = PBXFileReference; lastKnownFileType = text.plist.xml; path = Info.plist; sourceTree = "<group>"; };
		04E2317C1DD81175001B70D2 /* TapTests.xctest */ = {isa = PBXFileReference; explicitFileType = wrapper.cfbundle; includeInIndex = 0; path = TapTests.xctest; sourceTree = BUILT_PRODUCTS_DIR; };
		04E231801DD81175001B70D2 /* TapTests.swift */ = {isa = PBXFileReference; lastKnownFileType = sourcecode.swift; path = TapTests.swift; sourceTree = "<group>"; };
		04E231821DD81175001B70D2 /* Info.plist */ = {isa = PBXFileReference; lastKnownFileType = text.plist.xml; path = Info.plist; sourceTree = "<group>"; };
		04E231871DD81175001B70D2 /* TapUITests.xctest */ = {isa = PBXFileReference; explicitFileType = wrapper.cfbundle; includeInIndex = 0; path = TapUITests.xctest; sourceTree = BUILT_PRODUCTS_DIR; };
		04E2318B1DD81175001B70D2 /* TapUITests.swift */ = {isa = PBXFileReference; lastKnownFileType = sourcecode.swift; path = TapUITests.swift; sourceTree = "<group>"; };
		04E2318D1DD81175001B70D2 /* Info.plist */ = {isa = PBXFileReference; lastKnownFileType = text.plist.xml; path = Info.plist; sourceTree = "<group>"; };
		04EFA9731E0F5F80007DC4BB /* AboutViewController.swift */ = {isa = PBXFileReference; fileEncoding = 4; lastKnownFileType = sourcecode.swift; path = AboutViewController.swift; sourceTree = "<group>"; };
		04F9D9181DDEBDB8003069DD /* MultiplayerViewController.swift */ = {isa = PBXFileReference; fileEncoding = 4; lastKnownFileType = sourcecode.swift; path = MultiplayerViewController.swift; sourceTree = "<group>"; };
		14E8FDAEA8974A67F617D5AE /* Pods-TapUITests.debug.xcconfig */ = {isa = PBXFileReference; includeInIndex = 1; lastKnownFileType = text.xcconfig; name = "Pods-TapUITests.debug.xcconfig"; path = "Pods/Target Support Files/Pods-TapUITests/Pods-TapUITests.debug.xcconfig"; sourceTree = "<group>"; };
		2D91918747EDED316F1A923C /* Pods-Tap.debug.xcconfig */ = {isa = PBXFileReference; includeInIndex = 1; lastKnownFileType = text.xcconfig; name = "Pods-Tap.debug.xcconfig"; path = "Pods/Target Support Files/Pods-Tap/Pods-Tap.debug.xcconfig"; sourceTree = "<group>"; };
		4017BAF02931455736C35523 /* Pods-QuickTapWE Extension.release.xcconfig */ = {isa = PBXFileReference; includeInIndex = 1; lastKnownFileType = text.xcconfig; name = "Pods-QuickTapWE Extension.release.xcconfig"; path = "Pods/Target Support Files/Pods-QuickTapWE Extension/Pods-QuickTapWE Extension.release.xcconfig"; sourceTree = "<group>"; };
		503D3C6C60BABFFD6F1E4B8B /* Pods-QuickTapWE.release.xcconfig */ = {isa = PBXFileReference; includeInIndex = 1; lastKnownFileType = text.xcconfig; name = "Pods-QuickTapWE.release.xcconfig"; path = "Pods/Target Support Files/Pods-QuickTapWE/Pods-QuickTapWE.release.xcconfig"; sourceTree = "<group>"; };
		63BB11803F3D2F15D2B9021F /* Pods-TapTests.debug.xcconfig */ = {isa = PBXFileReference; includeInIndex = 1; lastKnownFileType = text.xcconfig; name = "Pods-TapTests.debug.xcconfig"; path = "Pods/Target Support Files/Pods-TapTests/Pods-TapTests.debug.xcconfig"; sourceTree = "<group>"; };
		6EE6B6721CA202F040172A40 /* Pods_Tap.framework */ = {isa = PBXFileReference; explicitFileType = wrapper.framework; includeInIndex = 0; path = Pods_Tap.framework; sourceTree = BUILT_PRODUCTS_DIR; };
		73ECD64ADE623D93BEB5725D /* Pods_QuickTapWE_Extension.framework */ = {isa = PBXFileReference; explicitFileType = wrapper.framework; includeInIndex = 0; path = Pods_QuickTapWE_Extension.framework; sourceTree = BUILT_PRODUCTS_DIR; };
		76F2D054D402BA7603318BA3 /* Pods_TapUITests.framework */ = {isa = PBXFileReference; explicitFileType = wrapper.framework; includeInIndex = 0; path = Pods_TapUITests.framework; sourceTree = BUILT_PRODUCTS_DIR; };
		898D1F5FE27552B9BAE2D7C8 /* Pods_TapTests.framework */ = {isa = PBXFileReference; explicitFileType = wrapper.framework; includeInIndex = 0; path = Pods_TapTests.framework; sourceTree = BUILT_PRODUCTS_DIR; };
		936550DB1E29CF20000A7748 /* Tap.entitlements */ = {isa = PBXFileReference; lastKnownFileType = text.plist.entitlements; path = Tap.entitlements; sourceTree = "<group>"; };
		937499AD1E2610430002EAF5 /* LocalAuthentication.framework */ = {isa = PBXFileReference; lastKnownFileType = wrapper.framework; name = LocalAuthentication.framework; path = System/Library/Frameworks/LocalAuthentication.framework; sourceTree = SDKROOT; };
		A32C6C66FBCD2AE09783717A /* Pods-QuickTapWE.debug.xcconfig */ = {isa = PBXFileReference; includeInIndex = 1; lastKnownFileType = text.xcconfig; name = "Pods-QuickTapWE.debug.xcconfig"; path = "Pods/Target Support Files/Pods-QuickTapWE/Pods-QuickTapWE.debug.xcconfig"; sourceTree = "<group>"; };
		C0850AB5A68DB140318E8953 /* Pods-TapTests.release.xcconfig */ = {isa = PBXFileReference; includeInIndex = 1; lastKnownFileType = text.xcconfig; name = "Pods-TapTests.release.xcconfig"; path = "Pods/Target Support Files/Pods-TapTests/Pods-TapTests.release.xcconfig"; sourceTree = "<group>"; };
		C4A7CE3DE784F4CC0C3992BE /* Pods-QuickTapWE Extension.debug.xcconfig */ = {isa = PBXFileReference; includeInIndex = 1; lastKnownFileType = text.xcconfig; name = "Pods-QuickTapWE Extension.debug.xcconfig"; path = "Pods/Target Support Files/Pods-QuickTapWE Extension/Pods-QuickTapWE Extension.debug.xcconfig"; sourceTree = "<group>"; };
		CF37EC50AC873A6736405A30 /* Pods_QuickTapWE.framework */ = {isa = PBXFileReference; explicitFileType = wrapper.framework; includeInIndex = 0; path = Pods_QuickTapWE.framework; sourceTree = BUILT_PRODUCTS_DIR; };
		DC6B18857553213B52BC12ED /* Pods-Tap.release.xcconfig */ = {isa = PBXFileReference; includeInIndex = 1; lastKnownFileType = text.xcconfig; name = "Pods-Tap.release.xcconfig"; path = "Pods/Target Support Files/Pods-Tap/Pods-Tap.release.xcconfig"; sourceTree = "<group>"; };
		F8D9DB4BF6C3FB8552D12ED5 /* Pods-TapUITests.release.xcconfig */ = {isa = PBXFileReference; includeInIndex = 1; lastKnownFileType = text.xcconfig; name = "Pods-TapUITests.release.xcconfig"; path = "Pods/Target Support Files/Pods-TapUITests/Pods-TapUITests.release.xcconfig"; sourceTree = "<group>"; };
/* End PBXFileReference section */

/* Begin PBXFrameworksBuildPhase section */
		04A6B9811FDE8B8800EF6DFF /* Frameworks */ = {
			isa = PBXFrameworksBuildPhase;
			buildActionMask = 2147483647;
			files = (
				1E717A4FF28DFDD8591FE274 /* Pods_QuickTapWE_Extension.framework in Frameworks */,
			);
			runOnlyForDeploymentPostprocessing = 0;
		};
		04E231651DD81175001B70D2 /* Frameworks */ = {
			isa = PBXFrameworksBuildPhase;
			buildActionMask = 2147483647;
			files = (
				937499AE1E2610430002EAF5 /* LocalAuthentication.framework in Frameworks */,
				6D6A1E4BE5EA3E12A7197267 /* Pods_Tap.framework in Frameworks */,
			);
			runOnlyForDeploymentPostprocessing = 0;
		};
		04E231791DD81175001B70D2 /* Frameworks */ = {
			isa = PBXFrameworksBuildPhase;
			buildActionMask = 2147483647;
			files = (
				5533AD0BAA771AC414C70C3F /* Pods_TapTests.framework in Frameworks */,
			);
			runOnlyForDeploymentPostprocessing = 0;
		};
		04E231841DD81175001B70D2 /* Frameworks */ = {
			isa = PBXFrameworksBuildPhase;
			buildActionMask = 2147483647;
			files = (
				C8E8A21C003B207D60033A4A /* Pods_TapUITests.framework in Frameworks */,
			);
			runOnlyForDeploymentPostprocessing = 0;
		};
		7D8C00CCF3F7BF447C33374E /* Frameworks */ = {
			isa = PBXFrameworksBuildPhase;
			buildActionMask = 2147483647;
			files = (
				9E4976277FBA8B2C75D9A392 /* Pods_QuickTapWE.framework in Frameworks */,
			);
			runOnlyForDeploymentPostprocessing = 0;
		};
/* End PBXFrameworksBuildPhase section */

/* Begin PBXGroup section */
		040DC86C1FF261DC006C83F2 /* TapedupWorldAccountSystem */ = {
			isa = PBXGroup;
			children = (
				043044E11FF0B6B600677427 /* CreateAccountViewController.swift */,
				040DC8681FF224B5006C83F2 /* WorldContentTableViewController.swift */,
				040DC8661FF223FD006C83F2 /* SignInViewController.swift */,
				040DC86A1FF227F8006C83F2 /* ResetPasswordViewController.swift */,
			);
			name = TapedupWorldAccountSystem;
			sourceTree = "<group>";
		};
		04A5A3DE1E1F7A6F000BE689 /* TapedupAccountSystem */ = {
			isa = PBXGroup;
			children = (
				04AE3C911E1B89780020AB16 /* AccountViewController.swift */,
				04A5A3DC1E1F7A64000BE689 /* TapedupStatusViewController.swift */,
				04AB65361E206C1200655282 /* HighscoreViewController.swift */,
				04B8FE6A1E236E280037E11A /* TimesPlayedViewController.swift */,
			);
			name = TapedupAccountSystem;
			sourceTree = "<group>";
		};
		04A6B9791FDE8B8800EF6DFF /* QuickTapWE */ = {
			isa = PBXGroup;
			children = (
				047961921FE0AEF400D9BC00 /* QuickTapWE.entitlements */,
				04A6B97A1FDE8B8800EF6DFF /* Interface.storyboard */,
				04A6B97D1FDE8B8800EF6DFF /* Assets.xcassets */,
				04A6B97F1FDE8B8800EF6DFF /* Info.plist */,
			);
			path = QuickTapWE;
			sourceTree = "<group>";
		};
		04A6B9881FDE8B8800EF6DFF /* QuickTapWE Extension */ = {
			isa = PBXGroup;
			children = (
				040B10D91FE0E2F700B421A4 /* QuickTapWE Extension.entitlements */,
				04A6B9891FDE8B8800EF6DFF /* InterfaceController.swift */,
				04A6B98B1FDE8B8800EF6DFF /* ExtensionDelegate.swift */,
				04A6B99B1FDE97C100EF6DFF /* TimeModeInterfaceController.swift */,
				04A6B99D1FDE97D900EF6DFF /* HighscoreModeInterfaceController.swift */,
				049DC34B1FDF516B00A5C2EF /* GameplayInterfaceController.swift */,
				049DC34D1FDF832E00A5C2EF /* GameOverInterfaceController.swift */,
				04A6B98D1FDE8B8800EF6DFF /* Assets.xcassets */,
				04A6B98F1FDE8B8800EF6DFF /* Info.plist */,
			);
			path = "QuickTapWE Extension";
			sourceTree = "<group>";
		};
		04AE3C941E1B898B0020AB16 /* TutorialPageViewController */ = {
			isa = PBXGroup;
			children = (
				04947C6C1E1249670069ABCA /* TutorialPageViewController.swift */,
				04A526FC1E13173B0014AA27 /* FourthPageViewController.swift */,
				04A526FE1E1319E90014AA27 /* LastPageViewController.swift */,
			);
			name = TutorialPageViewController;
			sourceTree = "<group>";
		};
		04AE3C951E1B89B20020AB16 /* GameplayViewControllers */ = {
			isa = PBXGroup;
			children = (
				04E2316D1DD81175001B70D2 /* ViewController.swift */,
				04F9D9181DDEBDB8003069DD /* MultiplayerViewController.swift */,
				04A590F11E0E43E100EB324E /* PlayerNamesViewController.swift */,
				04153EDC200C8B4800F7B404 /* AcrossWorldViewController.swift */,
				04DC69A11DD848270091D69B /* GameOverViewController.swift */,
			);
			name = GameplayViewControllers;
			sourceTree = "<group>";
		};
		04AE3C961E1B89C40020AB16 /* TableViewControllers */ = {
			isa = PBXGroup;
			children = (
				04798AB41DD9016300155341 /* MoreTableViewController.swift */,
				04947C6A1E123E330069ABCA /* MoreFromDeveloperTableViewController.swift */,
				04B524881FEBB29700337D34 /* SettingsTableViewController.swift */,
			);
			name = TableViewControllers;
			sourceTree = "<group>";
		};
		04E2315F1DD81174001B70D2 = {
			isa = PBXGroup;
			children = (
				04E2316A1DD81175001B70D2 /* Tap */,
				04E2317F1DD81175001B70D2 /* TapTests */,
				04E2318A1DD81175001B70D2 /* TapUITests */,
				04A6B9791FDE8B8800EF6DFF /* QuickTapWE */,
				04A6B9881FDE8B8800EF6DFF /* QuickTapWE Extension */,
				04E231691DD81175001B70D2 /* Products */,
				937499AC1E2610430002EAF5 /* Frameworks */,
				2CD2CEB3D1A9E5440A5780ED /* Pods */,
			);
			sourceTree = "<group>";
		};
		04E231691DD81175001B70D2 /* Products */ = {
			isa = PBXGroup;
			children = (
				04E231681DD81175001B70D2 /* Tap.app */,
				04E2317C1DD81175001B70D2 /* TapTests.xctest */,
				04E231871DD81175001B70D2 /* TapUITests.xctest */,
				04A6B9781FDE8B8800EF6DFF /* QuickTapWE.app */,
				04A6B9841FDE8B8800EF6DFF /* QuickTapWE Extension.appex */,
			);
			name = Products;
			sourceTree = "<group>";
		};
		04E2316A1DD81175001B70D2 /* Tap */ = {
			isa = PBXGroup;
			children = (
				936550DB1E29CF20000A7748 /* Tap.entitlements */,
				04E2316B1DD81175001B70D2 /* AppDelegate.swift */,
				04A504E31DD86A9D003645CD /* StartViewController.swift */,
				04EFA9731E0F5F80007DC4BB /* AboutViewController.swift */,
				04A5A3DE1E1F7A6F000BE689 /* TapedupAccountSystem */,
				040DC86C1FF261DC006C83F2 /* TapedupWorldAccountSystem */,
				04AE3C941E1B898B0020AB16 /* TutorialPageViewController */,
				04AE3C961E1B89C40020AB16 /* TableViewControllers */,
				04AE3C951E1B89B20020AB16 /* GameplayViewControllers */,
				04E2316F1DD81175001B70D2 /* Main.storyboard */,
				04E231721DD81175001B70D2 /* Assets.xcassets */,
				04E231741DD81175001B70D2 /* LaunchScreen.storyboard */,
				04E231771DD81175001B70D2 /* Info.plist */,
				04E0C8931FF0B21100DA0E6A /* GoogleService-Info.plist */,
			);
			path = Tap;
			sourceTree = "<group>";
		};
		04E2317F1DD81175001B70D2 /* TapTests */ = {
			isa = PBXGroup;
			children = (
				04E231801DD81175001B70D2 /* TapTests.swift */,
				04E231821DD81175001B70D2 /* Info.plist */,
			);
			path = TapTests;
			sourceTree = "<group>";
		};
		04E2318A1DD81175001B70D2 /* TapUITests */ = {
			isa = PBXGroup;
			children = (
				04E2318B1DD81175001B70D2 /* TapUITests.swift */,
				04E2318D1DD81175001B70D2 /* Info.plist */,
			);
			path = TapUITests;
			sourceTree = "<group>";
		};
		2CD2CEB3D1A9E5440A5780ED /* Pods */ = {
			isa = PBXGroup;
			children = (
				A32C6C66FBCD2AE09783717A /* Pods-QuickTapWE.debug.xcconfig */,
				503D3C6C60BABFFD6F1E4B8B /* Pods-QuickTapWE.release.xcconfig */,
				C4A7CE3DE784F4CC0C3992BE /* Pods-QuickTapWE Extension.debug.xcconfig */,
				4017BAF02931455736C35523 /* Pods-QuickTapWE Extension.release.xcconfig */,
				2D91918747EDED316F1A923C /* Pods-Tap.debug.xcconfig */,
				DC6B18857553213B52BC12ED /* Pods-Tap.release.xcconfig */,
				63BB11803F3D2F15D2B9021F /* Pods-TapTests.debug.xcconfig */,
				C0850AB5A68DB140318E8953 /* Pods-TapTests.release.xcconfig */,
				14E8FDAEA8974A67F617D5AE /* Pods-TapUITests.debug.xcconfig */,
				F8D9DB4BF6C3FB8552D12ED5 /* Pods-TapUITests.release.xcconfig */,
			);
			name = Pods;
			sourceTree = "<group>";
		};
		937499AC1E2610430002EAF5 /* Frameworks */ = {
			isa = PBXGroup;
			children = (
				937499AD1E2610430002EAF5 /* LocalAuthentication.framework */,
				CF37EC50AC873A6736405A30 /* Pods_QuickTapWE.framework */,
				73ECD64ADE623D93BEB5725D /* Pods_QuickTapWE_Extension.framework */,
				6EE6B6721CA202F040172A40 /* Pods_Tap.framework */,
				898D1F5FE27552B9BAE2D7C8 /* Pods_TapTests.framework */,
				76F2D054D402BA7603318BA3 /* Pods_TapUITests.framework */,
			);
			name = Frameworks;
			sourceTree = "<group>";
		};
/* End PBXGroup section */

/* Begin PBXNativeTarget section */
		04A6B9771FDE8B8800EF6DFF /* QuickTapWE */ = {
			isa = PBXNativeTarget;
			buildConfigurationList = 04A6B9971FDE8B8800EF6DFF /* Build configuration list for PBXNativeTarget "QuickTapWE" */;
			buildPhases = (
				75EEDEB0736363335821D4FD /* [CP] Check Pods Manifest.lock */,
				04A6B9761FDE8B8800EF6DFF /* Resources */,
				04A6B9961FDE8B8800EF6DFF /* Embed App Extensions */,
				7D8C00CCF3F7BF447C33374E /* Frameworks */,
				0327CD142C0634F396E23FA7 /* [CP] Copy Pods Resources */,
			);
			buildRules = (
			);
			dependencies = (
				04A6B9871FDE8B8800EF6DFF /* PBXTargetDependency */,
			);
			name = QuickTapWE;
			productName = QuickTapWE;
			productReference = 04A6B9781FDE8B8800EF6DFF /* QuickTapWE.app */;
			productType = "com.apple.product-type.application.watchapp2";
		};
		04A6B9831FDE8B8800EF6DFF /* QuickTapWE Extension */ = {
			isa = PBXNativeTarget;
			buildConfigurationList = 04A6B9931FDE8B8800EF6DFF /* Build configuration list for PBXNativeTarget "QuickTapWE Extension" */;
			buildPhases = (
				91533E071C73AA4BDC715967 /* [CP] Check Pods Manifest.lock */,
				04A6B9801FDE8B8800EF6DFF /* Sources */,
				04A6B9811FDE8B8800EF6DFF /* Frameworks */,
				04A6B9821FDE8B8800EF6DFF /* Resources */,
				955FAA4BE552741B6E5FF12F /* [CP] Embed Pods Frameworks */,
				E723A516CD501955AE802F8D /* [CP] Copy Pods Resources */,
			);
			buildRules = (
			);
			dependencies = (
			);
			name = "QuickTapWE Extension";
			productName = "QuickTapWE Extension";
			productReference = 04A6B9841FDE8B8800EF6DFF /* QuickTapWE Extension.appex */;
			productType = "com.apple.product-type.watchkit2-extension";
		};
		04E231671DD81175001B70D2 /* Tap */ = {
			isa = PBXNativeTarget;
			buildConfigurationList = 04E231901DD81175001B70D2 /* Build configuration list for PBXNativeTarget "Tap" */;
			buildPhases = (
				5E367EAC2E38EBE476BD418D /* [CP] Check Pods Manifest.lock */,
				04E231641DD81175001B70D2 /* Sources */,
				04E231651DD81175001B70D2 /* Frameworks */,
				04E231661DD81175001B70D2 /* Resources */,
				04A6B99A1FDE8B8800EF6DFF /* Embed Watch Content */,
				611EF50CBE7A4AB854259F09 /* [CP] Embed Pods Frameworks */,
				03F8E451C05CCA63412520E5 /* [CP] Copy Pods Resources */,
			);
			buildRules = (
			);
			dependencies = (
				04A6B9911FDE8B8800EF6DFF /* PBXTargetDependency */,
			);
			name = Tap;
			productName = Tap;
			productReference = 04E231681DD81175001B70D2 /* Tap.app */;
			productType = "com.apple.product-type.application";
		};
		04E2317B1DD81175001B70D2 /* TapTests */ = {
			isa = PBXNativeTarget;
			buildConfigurationList = 04E231931DD81175001B70D2 /* Build configuration list for PBXNativeTarget "TapTests" */;
			buildPhases = (
				63AA065969A2A51F964B601E /* [CP] Check Pods Manifest.lock */,
				04E231781DD81175001B70D2 /* Sources */,
				04E231791DD81175001B70D2 /* Frameworks */,
				04E2317A1DD81175001B70D2 /* Resources */,
				1B7125F51B56E073AAF52CC1 /* [CP] Embed Pods Frameworks */,
				FFCB7E4995720280E9D22F8E /* [CP] Copy Pods Resources */,
			);
			buildRules = (
			);
			dependencies = (
				04E2317E1DD81175001B70D2 /* PBXTargetDependency */,
			);
			name = TapTests;
			productName = TapTests;
			productReference = 04E2317C1DD81175001B70D2 /* TapTests.xctest */;
			productType = "com.apple.product-type.bundle.unit-test";
		};
		04E231861DD81175001B70D2 /* TapUITests */ = {
			isa = PBXNativeTarget;
			buildConfigurationList = 04E231961DD81175001B70D2 /* Build configuration list for PBXNativeTarget "TapUITests" */;
			buildPhases = (
				28AA6BC92EEF3113797772D9 /* [CP] Check Pods Manifest.lock */,
				04E231831DD81175001B70D2 /* Sources */,
				04E231841DD81175001B70D2 /* Frameworks */,
				04E231851DD81175001B70D2 /* Resources */,
				0BEA5439FDA83CD8F52DF412 /* [CP] Embed Pods Frameworks */,
				CD3C3C049F04E99FCB1AF245 /* [CP] Copy Pods Resources */,
			);
			buildRules = (
			);
			dependencies = (
				04E231891DD81175001B70D2 /* PBXTargetDependency */,
			);
			name = TapUITests;
			productName = TapUITests;
			productReference = 04E231871DD81175001B70D2 /* TapUITests.xctest */;
			productType = "com.apple.product-type.bundle.ui-testing";
		};
/* End PBXNativeTarget section */

/* Begin PBXProject section */
		04E231601DD81174001B70D2 /* Project object */ = {
			isa = PBXProject;
			attributes = {
				LastSwiftUpdateCheck = 0910;
				LastUpgradeCheck = 0910;
				ORGANIZATIONNAME = "Aaron Nguyen";
				TargetAttributes = {
					04A6B9771FDE8B8800EF6DFF = {
						CreatedOnToolsVersion = 9.1;
						DevelopmentTeam = 8NBK23EYP2;
						ProvisioningStyle = Automatic;
						SystemCapabilities = {
							com.apple.ApplicationGroups.iOS = {
								enabled = 1;
							};
						};
					};
					04A6B9831FDE8B8800EF6DFF = {
						CreatedOnToolsVersion = 9.1;
						DevelopmentTeam = 8NBK23EYP2;
						ProvisioningStyle = Automatic;
						SystemCapabilities = {
							com.apple.ApplicationGroups.iOS = {
								enabled = 1;
							};
						};
					};
					04E231671DD81175001B70D2 = {
						CreatedOnToolsVersion = 8.1;
						DevelopmentTeam = 8NBK23EYP2;
						LastSwiftMigration = 0910;
						ProvisioningStyle = Automatic;
						SystemCapabilities = {
							com.apple.ApplicationGroups.iOS = {
								enabled = 1;
							};
							com.apple.Push = {
								enabled = 0;
							};
							com.apple.iCloud = {
								enabled = 1;
							};
						};
					};
					04E2317B1DD81175001B70D2 = {
						CreatedOnToolsVersion = 8.1;
						DevelopmentTeam = 8NBK23EYP2;
						LastSwiftMigration = 0910;
						ProvisioningStyle = Automatic;
						TestTargetID = 04E231671DD81175001B70D2;
					};
					04E231861DD81175001B70D2 = {
						CreatedOnToolsVersion = 8.1;
						DevelopmentTeam = 8NBK23EYP2;
						LastSwiftMigration = 0910;
						ProvisioningStyle = Automatic;
						TestTargetID = 04E231671DD81175001B70D2;
					};
				};
			};
			buildConfigurationList = 04E231631DD81174001B70D2 /* Build configuration list for PBXProject "Tap" */;
			compatibilityVersion = "Xcode 3.2";
			developmentRegion = English;
			hasScannedForEncodings = 0;
			knownRegions = (
				en,
				Base,
			);
			mainGroup = 04E2315F1DD81174001B70D2;
			productRefGroup = 04E231691DD81175001B70D2 /* Products */;
			projectDirPath = "";
			projectRoot = "";
			targets = (
				04E231671DD81175001B70D2 /* Tap */,
				04E2317B1DD81175001B70D2 /* TapTests */,
				04E231861DD81175001B70D2 /* TapUITests */,
				04A6B9771FDE8B8800EF6DFF /* QuickTapWE */,
				04A6B9831FDE8B8800EF6DFF /* QuickTapWE Extension */,
			);
		};
/* End PBXProject section */

/* Begin PBXResourcesBuildPhase section */
		04A6B9761FDE8B8800EF6DFF /* Resources */ = {
			isa = PBXResourcesBuildPhase;
			buildActionMask = 2147483647;
			files = (
				04A6B97E1FDE8B8800EF6DFF /* Assets.xcassets in Resources */,
				04A6B97C1FDE8B8800EF6DFF /* Interface.storyboard in Resources */,
			);
			runOnlyForDeploymentPostprocessing = 0;
		};
		04A6B9821FDE8B8800EF6DFF /* Resources */ = {
			isa = PBXResourcesBuildPhase;
			buildActionMask = 2147483647;
			files = (
				04A6B98E1FDE8B8800EF6DFF /* Assets.xcassets in Resources */,
			);
			runOnlyForDeploymentPostprocessing = 0;
		};
		04E231661DD81175001B70D2 /* Resources */ = {
			isa = PBXResourcesBuildPhase;
			buildActionMask = 2147483647;
			files = (
				04E231761DD81175001B70D2 /* LaunchScreen.storyboard in Resources */,
				04E0C8941FF0B21100DA0E6A /* GoogleService-Info.plist in Resources */,
				04E231731DD81175001B70D2 /* Assets.xcassets in Resources */,
				04E231711DD81175001B70D2 /* Main.storyboard in Resources */,
			);
			runOnlyForDeploymentPostprocessing = 0;
		};
		04E2317A1DD81175001B70D2 /* Resources */ = {
			isa = PBXResourcesBuildPhase;
			buildActionMask = 2147483647;
			files = (
			);
			runOnlyForDeploymentPostprocessing = 0;
		};
		04E231851DD81175001B70D2 /* Resources */ = {
			isa = PBXResourcesBuildPhase;
			buildActionMask = 2147483647;
			files = (
			);
			runOnlyForDeploymentPostprocessing = 0;
		};
/* End PBXResourcesBuildPhase section */

/* Begin PBXShellScriptBuildPhase section */
		0327CD142C0634F396E23FA7 /* [CP] Copy Pods Resources */ = {
			isa = PBXShellScriptBuildPhase;
			buildActionMask = 2147483647;
			files = (
			);
			inputPaths = (
			);
			name = "[CP] Copy Pods Resources";
			outputPaths = (
			);
			runOnlyForDeploymentPostprocessing = 0;
			shellPath = /bin/sh;
			shellScript = "\"${SRCROOT}/Pods/Target Support Files/Pods-QuickTapWE/Pods-QuickTapWE-resources.sh\"\n";
			showEnvVarsInLog = 0;
		};
		03F8E451C05CCA63412520E5 /* [CP] Copy Pods Resources */ = {
			isa = PBXShellScriptBuildPhase;
			buildActionMask = 2147483647;
			files = (
			);
			inputPaths = (
			);
			name = "[CP] Copy Pods Resources";
			outputPaths = (
			);
			runOnlyForDeploymentPostprocessing = 0;
			shellPath = /bin/sh;
			shellScript = "\"${SRCROOT}/Pods/Target Support Files/Pods-Tap/Pods-Tap-resources.sh\"\n";
			showEnvVarsInLog = 0;
		};
		0BEA5439FDA83CD8F52DF412 /* [CP] Embed Pods Frameworks */ = {
			isa = PBXShellScriptBuildPhase;
			buildActionMask = 2147483647;
			files = (
			);
			inputPaths = (
			);
			name = "[CP] Embed Pods Frameworks";
			outputPaths = (
			);
			runOnlyForDeploymentPostprocessing = 0;
			shellPath = /bin/sh;
			shellScript = "\"${SRCROOT}/Pods/Target Support Files/Pods-TapUITests/Pods-TapUITests-frameworks.sh\"\n";
			showEnvVarsInLog = 0;
		};
		1B7125F51B56E073AAF52CC1 /* [CP] Embed Pods Frameworks */ = {
			isa = PBXShellScriptBuildPhase;
			buildActionMask = 2147483647;
			files = (
			);
			inputPaths = (
			);
			name = "[CP] Embed Pods Frameworks";
			outputPaths = (
			);
			runOnlyForDeploymentPostprocessing = 0;
			shellPath = /bin/sh;
			shellScript = "\"${SRCROOT}/Pods/Target Support Files/Pods-TapTests/Pods-TapTests-frameworks.sh\"\n";
			showEnvVarsInLog = 0;
		};
		28AA6BC92EEF3113797772D9 /* [CP] Check Pods Manifest.lock */ = {
			isa = PBXShellScriptBuildPhase;
			buildActionMask = 2147483647;
			files = (
			);
			inputPaths = (
				"${PODS_PODFILE_DIR_PATH}/Podfile.lock",
				"${PODS_ROOT}/Manifest.lock",
			);
			name = "[CP] Check Pods Manifest.lock";
			outputPaths = (
				"$(DERIVED_FILE_DIR)/Pods-TapUITests-checkManifestLockResult.txt",
			);
			runOnlyForDeploymentPostprocessing = 0;
			shellPath = /bin/sh;
			shellScript = "diff \"${PODS_PODFILE_DIR_PATH}/Podfile.lock\" \"${PODS_ROOT}/Manifest.lock\" > /dev/null\nif [ $? != 0 ] ; then\n    # print error to STDERR\n    echo \"error: The sandbox is not in sync with the Podfile.lock. Run 'pod install' or update your CocoaPods installation.\" >&2\n    exit 1\nfi\n# This output is used by Xcode 'outputs' to avoid re-running this script phase.\necho \"SUCCESS\" > \"${SCRIPT_OUTPUT_FILE_0}\"\n";
			showEnvVarsInLog = 0;
		};
		5E367EAC2E38EBE476BD418D /* [CP] Check Pods Manifest.lock */ = {
			isa = PBXShellScriptBuildPhase;
			buildActionMask = 2147483647;
			files = (
			);
			inputPaths = (
				"${PODS_PODFILE_DIR_PATH}/Podfile.lock",
				"${PODS_ROOT}/Manifest.lock",
			);
			name = "[CP] Check Pods Manifest.lock";
			outputPaths = (
				"$(DERIVED_FILE_DIR)/Pods-Tap-checkManifestLockResult.txt",
			);
			runOnlyForDeploymentPostprocessing = 0;
			shellPath = /bin/sh;
			shellScript = "diff \"${PODS_PODFILE_DIR_PATH}/Podfile.lock\" \"${PODS_ROOT}/Manifest.lock\" > /dev/null\nif [ $? != 0 ] ; then\n    # print error to STDERR\n    echo \"error: The sandbox is not in sync with the Podfile.lock. Run 'pod install' or update your CocoaPods installation.\" >&2\n    exit 1\nfi\n# This output is used by Xcode 'outputs' to avoid re-running this script phase.\necho \"SUCCESS\" > \"${SCRIPT_OUTPUT_FILE_0}\"\n";
			showEnvVarsInLog = 0;
		};
		611EF50CBE7A4AB854259F09 /* [CP] Embed Pods Frameworks */ = {
			isa = PBXShellScriptBuildPhase;
			buildActionMask = 2147483647;
			files = (
			);
			inputPaths = (
				"${SRCROOT}/Pods/Target Support Files/Pods-Tap/Pods-Tap-frameworks.sh",
				"${BUILT_PRODUCTS_DIR}/GTMSessionFetcher/GTMSessionFetcher.framework",
				"${BUILT_PRODUCTS_DIR}/GoogleToolboxForMac/GoogleToolboxForMac.framework",
				"${BUILT_PRODUCTS_DIR}/leveldb-library/leveldb.framework",
				"${BUILT_PRODUCTS_DIR}/nanopb/nanopb.framework",
			);
			name = "[CP] Embed Pods Frameworks";
			outputPaths = (
				"${TARGET_BUILD_DIR}/${FRAMEWORKS_FOLDER_PATH}/GTMSessionFetcher.framework",
				"${TARGET_BUILD_DIR}/${FRAMEWORKS_FOLDER_PATH}/GoogleToolboxForMac.framework",
				"${TARGET_BUILD_DIR}/${FRAMEWORKS_FOLDER_PATH}/leveldb.framework",
				"${TARGET_BUILD_DIR}/${FRAMEWORKS_FOLDER_PATH}/nanopb.framework",
			);
			runOnlyForDeploymentPostprocessing = 0;
			shellPath = /bin/sh;
			shellScript = "\"${SRCROOT}/Pods/Target Support Files/Pods-Tap/Pods-Tap-frameworks.sh\"\n";
			showEnvVarsInLog = 0;
		};
		63AA065969A2A51F964B601E /* [CP] Check Pods Manifest.lock */ = {
			isa = PBXShellScriptBuildPhase;
			buildActionMask = 2147483647;
			files = (
			);
			inputPaths = (
				"${PODS_PODFILE_DIR_PATH}/Podfile.lock",
				"${PODS_ROOT}/Manifest.lock",
			);
			name = "[CP] Check Pods Manifest.lock";
			outputPaths = (
				"$(DERIVED_FILE_DIR)/Pods-TapTests-checkManifestLockResult.txt",
			);
			runOnlyForDeploymentPostprocessing = 0;
			shellPath = /bin/sh;
			shellScript = "diff \"${PODS_PODFILE_DIR_PATH}/Podfile.lock\" \"${PODS_ROOT}/Manifest.lock\" > /dev/null\nif [ $? != 0 ] ; then\n    # print error to STDERR\n    echo \"error: The sandbox is not in sync with the Podfile.lock. Run 'pod install' or update your CocoaPods installation.\" >&2\n    exit 1\nfi\n# This output is used by Xcode 'outputs' to avoid re-running this script phase.\necho \"SUCCESS\" > \"${SCRIPT_OUTPUT_FILE_0}\"\n";
			showEnvVarsInLog = 0;
		};
		75EEDEB0736363335821D4FD /* [CP] Check Pods Manifest.lock */ = {
			isa = PBXShellScriptBuildPhase;
			buildActionMask = 2147483647;
			files = (
			);
			inputPaths = (
				"${PODS_PODFILE_DIR_PATH}/Podfile.lock",
				"${PODS_ROOT}/Manifest.lock",
			);
			name = "[CP] Check Pods Manifest.lock";
			outputPaths = (
				"$(DERIVED_FILE_DIR)/Pods-QuickTapWE-checkManifestLockResult.txt",
			);
			runOnlyForDeploymentPostprocessing = 0;
			shellPath = /bin/sh;
			shellScript = "diff \"${PODS_PODFILE_DIR_PATH}/Podfile.lock\" \"${PODS_ROOT}/Manifest.lock\" > /dev/null\nif [ $? != 0 ] ; then\n    # print error to STDERR\n    echo \"error: The sandbox is not in sync with the Podfile.lock. Run 'pod install' or update your CocoaPods installation.\" >&2\n    exit 1\nfi\n# This output is used by Xcode 'outputs' to avoid re-running this script phase.\necho \"SUCCESS\" > \"${SCRIPT_OUTPUT_FILE_0}\"\n";
			showEnvVarsInLog = 0;
		};
		91533E071C73AA4BDC715967 /* [CP] Check Pods Manifest.lock */ = {
			isa = PBXShellScriptBuildPhase;
			buildActionMask = 2147483647;
			files = (
			);
			inputPaths = (
				"${PODS_PODFILE_DIR_PATH}/Podfile.lock",
				"${PODS_ROOT}/Manifest.lock",
			);
			name = "[CP] Check Pods Manifest.lock";
			outputPaths = (
				"$(DERIVED_FILE_DIR)/Pods-QuickTapWE Extension-checkManifestLockResult.txt",
			);
			runOnlyForDeploymentPostprocessing = 0;
			shellPath = /bin/sh;
			shellScript = "diff \"${PODS_PODFILE_DIR_PATH}/Podfile.lock\" \"${PODS_ROOT}/Manifest.lock\" > /dev/null\nif [ $? != 0 ] ; then\n    # print error to STDERR\n    echo \"error: The sandbox is not in sync with the Podfile.lock. Run 'pod install' or update your CocoaPods installation.\" >&2\n    exit 1\nfi\n# This output is used by Xcode 'outputs' to avoid re-running this script phase.\necho \"SUCCESS\" > \"${SCRIPT_OUTPUT_FILE_0}\"\n";
			showEnvVarsInLog = 0;
		};
		955FAA4BE552741B6E5FF12F /* [CP] Embed Pods Frameworks */ = {
			isa = PBXShellScriptBuildPhase;
			buildActionMask = 2147483647;
			files = (
			);
			inputPaths = (
			);
			name = "[CP] Embed Pods Frameworks";
			outputPaths = (
			);
			runOnlyForDeploymentPostprocessing = 0;
			shellPath = /bin/sh;
			shellScript = "\"${SRCROOT}/Pods/Target Support Files/Pods-QuickTapWE Extension/Pods-QuickTapWE Extension-frameworks.sh\"\n";
			showEnvVarsInLog = 0;
		};
		CD3C3C049F04E99FCB1AF245 /* [CP] Copy Pods Resources */ = {
			isa = PBXShellScriptBuildPhase;
			buildActionMask = 2147483647;
			files = (
			);
			inputPaths = (
			);
			name = "[CP] Copy Pods Resources";
			outputPaths = (
			);
			runOnlyForDeploymentPostprocessing = 0;
			shellPath = /bin/sh;
			shellScript = "\"${SRCROOT}/Pods/Target Support Files/Pods-TapUITests/Pods-TapUITests-resources.sh\"\n";
			showEnvVarsInLog = 0;
		};
		E723A516CD501955AE802F8D /* [CP] Copy Pods Resources */ = {
			isa = PBXShellScriptBuildPhase;
			buildActionMask = 2147483647;
			files = (
			);
			inputPaths = (
			);
			name = "[CP] Copy Pods Resources";
			outputPaths = (
			);
			runOnlyForDeploymentPostprocessing = 0;
			shellPath = /bin/sh;
			shellScript = "\"${SRCROOT}/Pods/Target Support Files/Pods-QuickTapWE Extension/Pods-QuickTapWE Extension-resources.sh\"\n";
			showEnvVarsInLog = 0;
		};
		FFCB7E4995720280E9D22F8E /* [CP] Copy Pods Resources */ = {
			isa = PBXShellScriptBuildPhase;
			buildActionMask = 2147483647;
			files = (
			);
			inputPaths = (
			);
			name = "[CP] Copy Pods Resources";
			outputPaths = (
			);
			runOnlyForDeploymentPostprocessing = 0;
			shellPath = /bin/sh;
			shellScript = "\"${SRCROOT}/Pods/Target Support Files/Pods-TapTests/Pods-TapTests-resources.sh\"\n";
			showEnvVarsInLog = 0;
		};
/* End PBXShellScriptBuildPhase section */

/* Begin PBXSourcesBuildPhase section */
		04A6B9801FDE8B8800EF6DFF /* Sources */ = {
			isa = PBXSourcesBuildPhase;
			buildActionMask = 2147483647;
			files = (
				049DC34C1FDF516B00A5C2EF /* GameplayInterfaceController.swift in Sources */,
				049DC34E1FDF832E00A5C2EF /* GameOverInterfaceController.swift in Sources */,
				04A6B98C1FDE8B8800EF6DFF /* ExtensionDelegate.swift in Sources */,
				04A6B99C1FDE97C100EF6DFF /* TimeModeInterfaceController.swift in Sources */,
				04A6B98A1FDE8B8800EF6DFF /* InterfaceController.swift in Sources */,
				04A6B99E1FDE97D900EF6DFF /* HighscoreModeInterfaceController.swift in Sources */,
			);
			runOnlyForDeploymentPostprocessing = 0;
		};
		04E231641DD81175001B70D2 /* Sources */ = {
			isa = PBXSourcesBuildPhase;
			buildActionMask = 2147483647;
			files = (
				04A5A3DD1E1F7A64000BE689 /* TapedupStatusViewController.swift in Sources */,
				04798AB51DD9016300155341 /* MoreTableViewController.swift in Sources */,
				04E2316E1DD81175001B70D2 /* ViewController.swift in Sources */,
				04AB65371E206C1200655282 /* HighscoreViewController.swift in Sources */,
				04AE3C921E1B89780020AB16 /* AccountViewController.swift in Sources */,
				04A526FD1E13173B0014AA27 /* FourthPageViewController.swift in Sources */,
				040DC86B1FF227F8006C83F2 /* ResetPasswordViewController.swift in Sources */,
				043044E21FF0B6B600677427 /* CreateAccountViewController.swift in Sources */,
				04B524891FEBB29700337D34 /* SettingsTableViewController.swift in Sources */,
				040DC8671FF223FD006C83F2 /* SignInViewController.swift in Sources */,
				04153EDD200C8B4800F7B404 /* AcrossWorldViewController.swift in Sources */,
				04A504E41DD86A9D003645CD /* StartViewController.swift in Sources */,
				04A590F21E0E43E100EB324E /* PlayerNamesViewController.swift in Sources */,
				04947C6B1E123E330069ABCA /* MoreFromDeveloperTableViewController.swift in Sources */,
				04F9D9191DDEBDB8003069DD /* MultiplayerViewController.swift in Sources */,
				04B8FE6B1E236E280037E11A /* TimesPlayedViewController.swift in Sources */,
				04947C6D1E1249670069ABCA /* TutorialPageViewController.swift in Sources */,
				04E2316C1DD81175001B70D2 /* AppDelegate.swift in Sources */,
				04EFA9741E0F5F80007DC4BB /* AboutViewController.swift in Sources */,
				04DC69A21DD848270091D69B /* GameOverViewController.swift in Sources */,
				040DC8691FF224B5006C83F2 /* WorldContentTableViewController.swift in Sources */,
				04A526FF1E1319E90014AA27 /* LastPageViewController.swift in Sources */,
			);
			runOnlyForDeploymentPostprocessing = 0;
		};
		04E231781DD81175001B70D2 /* Sources */ = {
			isa = PBXSourcesBuildPhase;
			buildActionMask = 2147483647;
			files = (
				04E231811DD81175001B70D2 /* TapTests.swift in Sources */,
			);
			runOnlyForDeploymentPostprocessing = 0;
		};
		04E231831DD81175001B70D2 /* Sources */ = {
			isa = PBXSourcesBuildPhase;
			buildActionMask = 2147483647;
			files = (
				04E2318C1DD81175001B70D2 /* TapUITests.swift in Sources */,
			);
			runOnlyForDeploymentPostprocessing = 0;
		};
/* End PBXSourcesBuildPhase section */

/* Begin PBXTargetDependency section */
		04A6B9871FDE8B8800EF6DFF /* PBXTargetDependency */ = {
			isa = PBXTargetDependency;
			target = 04A6B9831FDE8B8800EF6DFF /* QuickTapWE Extension */;
			targetProxy = 04A6B9861FDE8B8800EF6DFF /* PBXContainerItemProxy */;
		};
		04A6B9911FDE8B8800EF6DFF /* PBXTargetDependency */ = {
			isa = PBXTargetDependency;
			target = 04A6B9771FDE8B8800EF6DFF /* QuickTapWE */;
			targetProxy = 04A6B9901FDE8B8800EF6DFF /* PBXContainerItemProxy */;
		};
		04E2317E1DD81175001B70D2 /* PBXTargetDependency */ = {
			isa = PBXTargetDependency;
			target = 04E231671DD81175001B70D2 /* Tap */;
			targetProxy = 04E2317D1DD81175001B70D2 /* PBXContainerItemProxy */;
		};
		04E231891DD81175001B70D2 /* PBXTargetDependency */ = {
			isa = PBXTargetDependency;
			target = 04E231671DD81175001B70D2 /* Tap */;
			targetProxy = 04E231881DD81175001B70D2 /* PBXContainerItemProxy */;
		};
/* End PBXTargetDependency section */

/* Begin PBXVariantGroup section */
		04A6B97A1FDE8B8800EF6DFF /* Interface.storyboard */ = {
			isa = PBXVariantGroup;
			children = (
				04A6B97B1FDE8B8800EF6DFF /* Base */,
			);
			name = Interface.storyboard;
			sourceTree = "<group>";
		};
		04E2316F1DD81175001B70D2 /* Main.storyboard */ = {
			isa = PBXVariantGroup;
			children = (
				04E231701DD81175001B70D2 /* Base */,
			);
			name = Main.storyboard;
			sourceTree = "<group>";
		};
		04E231741DD81175001B70D2 /* LaunchScreen.storyboard */ = {
			isa = PBXVariantGroup;
			children = (
				04E231751DD81175001B70D2 /* Base */,
			);
			name = LaunchScreen.storyboard;
			sourceTree = "<group>";
		};
/* End PBXVariantGroup section */

/* Begin XCBuildConfiguration section */
		04A6B9941FDE8B8800EF6DFF /* Debug */ = {
			isa = XCBuildConfiguration;
			baseConfigurationReference = C4A7CE3DE784F4CC0C3992BE /* Pods-QuickTapWE Extension.debug.xcconfig */;
			buildSettings = {
				ASSETCATALOG_COMPILER_COMPLICATION_NAME = Complication;
				CLANG_ANALYZER_NUMBER_OBJECT_CONVERSION = YES_AGGRESSIVE;
				CLANG_CXX_LANGUAGE_STANDARD = "gnu++14";
				CLANG_WARN_UNGUARDED_AVAILABILITY = YES_AGGRESSIVE;
				CODE_SIGN_ENTITLEMENTS = "QuickTapWE Extension/QuickTapWE Extension.entitlements";
				"CODE_SIGN_IDENTITY[sdk=watchos*]" = "iPhone Developer";
				CODE_SIGN_STYLE = Automatic;
				DEVELOPMENT_TEAM = 8NBK23EYP2;
				GCC_C_LANGUAGE_STANDARD = gnu11;
				INFOPLIST_FILE = "QuickTapWE Extension/Info.plist";
				LD_RUNPATH_SEARCH_PATHS = "$(inherited) @executable_path/Frameworks @executable_path/../../Frameworks";
				PRODUCT_BUNDLE_IDENTIFIER = "com.Aaron-Nguyen.Tap.watchkit.extension";
				PRODUCT_NAME = "${TARGET_NAME}";
				PROVISIONING_PROFILE_SPECIFIER = "";
				SDKROOT = watchos;
				SKIP_INSTALL = YES;
				SWIFT_VERSION = 4.0;
				TARGETED_DEVICE_FAMILY = 4;
				WATCHOS_DEPLOYMENT_TARGET = 2.0;
			};
			name = Debug;
		};
		04A6B9951FDE8B8800EF6DFF /* Release */ = {
			isa = XCBuildConfiguration;
			baseConfigurationReference = 4017BAF02931455736C35523 /* Pods-QuickTapWE Extension.release.xcconfig */;
			buildSettings = {
				ASSETCATALOG_COMPILER_COMPLICATION_NAME = Complication;
				CLANG_ANALYZER_NUMBER_OBJECT_CONVERSION = YES_AGGRESSIVE;
				CLANG_CXX_LANGUAGE_STANDARD = "gnu++14";
				CLANG_WARN_UNGUARDED_AVAILABILITY = YES_AGGRESSIVE;
				CODE_SIGN_ENTITLEMENTS = "QuickTapWE Extension/QuickTapWE Extension.entitlements";
				"CODE_SIGN_IDENTITY[sdk=watchos*]" = "iPhone Developer";
				CODE_SIGN_STYLE = Automatic;
				DEVELOPMENT_TEAM = 8NBK23EYP2;
				GCC_C_LANGUAGE_STANDARD = gnu11;
				INFOPLIST_FILE = "QuickTapWE Extension/Info.plist";
				LD_RUNPATH_SEARCH_PATHS = "$(inherited) @executable_path/Frameworks @executable_path/../../Frameworks";
				PRODUCT_BUNDLE_IDENTIFIER = "com.Aaron-Nguyen.Tap.watchkit.extension";
				PRODUCT_NAME = "${TARGET_NAME}";
				PROVISIONING_PROFILE_SPECIFIER = "";
				SDKROOT = watchos;
				SKIP_INSTALL = YES;
				SWIFT_VERSION = 4.0;
				TARGETED_DEVICE_FAMILY = 4;
				WATCHOS_DEPLOYMENT_TARGET = 2.0;
			};
			name = Release;
		};
		04A6B9981FDE8B8800EF6DFF /* Debug */ = {
			isa = XCBuildConfiguration;
			baseConfigurationReference = A32C6C66FBCD2AE09783717A /* Pods-QuickTapWE.debug.xcconfig */;
			buildSettings = {
				ALWAYS_EMBED_SWIFT_STANDARD_LIBRARIES = YES;
				ASSETCATALOG_COMPILER_APPICON_NAME = AppIcon;
				CLANG_ANALYZER_NUMBER_OBJECT_CONVERSION = YES_AGGRESSIVE;
				CLANG_CXX_LANGUAGE_STANDARD = "gnu++14";
				CLANG_WARN_UNGUARDED_AVAILABILITY = YES_AGGRESSIVE;
				CODE_SIGN_ENTITLEMENTS = QuickTapWE/QuickTapWE.entitlements;
				CODE_SIGN_IDENTITY = "iPhone Developer: Thinh Nguyen (TVDVVWA6WP)";
				"CODE_SIGN_IDENTITY[sdk=iphoneos*]" = "iPhone Developer";
				"CODE_SIGN_IDENTITY[sdk=watchos*]" = "iPhone Developer";
				CODE_SIGN_STYLE = Automatic;
				DEVELOPMENT_TEAM = 8NBK23EYP2;
				GCC_C_LANGUAGE_STANDARD = gnu11;
				IBSC_MODULE = QuickTapWE_Extension;
				INFOPLIST_FILE = QuickTapWE/Info.plist;
				PRODUCT_BUNDLE_IDENTIFIER = "com.Aaron-Nguyen.Tap.watchkit";
				PRODUCT_NAME = "$(TARGET_NAME)";
				PROVISIONING_PROFILE = "";
				PROVISIONING_PROFILE_SPECIFIER = "";
				SDKROOT = watchos;
				SKIP_INSTALL = YES;
				SWIFT_VERSION = 4.0;
				TARGETED_DEVICE_FAMILY = 4;
				WATCHOS_DEPLOYMENT_TARGET = 2.0;
			};
			name = Debug;
		};
		04A6B9991FDE8B8800EF6DFF /* Release */ = {
			isa = XCBuildConfiguration;
			baseConfigurationReference = 503D3C6C60BABFFD6F1E4B8B /* Pods-QuickTapWE.release.xcconfig */;
			buildSettings = {
				ALWAYS_EMBED_SWIFT_STANDARD_LIBRARIES = YES;
				ASSETCATALOG_COMPILER_APPICON_NAME = AppIcon;
				CLANG_ANALYZER_NUMBER_OBJECT_CONVERSION = YES_AGGRESSIVE;
				CLANG_CXX_LANGUAGE_STANDARD = "gnu++14";
				CLANG_WARN_UNGUARDED_AVAILABILITY = YES_AGGRESSIVE;
				CODE_SIGN_ENTITLEMENTS = QuickTapWE/QuickTapWE.entitlements;
				CODE_SIGN_IDENTITY = "iPhone Distribution: Thinh Nguyen (8NBK23EYP2)";
				"CODE_SIGN_IDENTITY[sdk=iphoneos*]" = "iPhone Developer";
				"CODE_SIGN_IDENTITY[sdk=watchos*]" = "iPhone Developer";
				CODE_SIGN_STYLE = Automatic;
				DEVELOPMENT_TEAM = 8NBK23EYP2;
				GCC_C_LANGUAGE_STANDARD = gnu11;
				IBSC_MODULE = QuickTapWE_Extension;
				INFOPLIST_FILE = QuickTapWE/Info.plist;
				PRODUCT_BUNDLE_IDENTIFIER = "com.Aaron-Nguyen.Tap.watchkit";
				PRODUCT_NAME = "$(TARGET_NAME)";
				PROVISIONING_PROFILE_SPECIFIER = "";
				SDKROOT = watchos;
				SKIP_INSTALL = YES;
				SWIFT_VERSION = 4.0;
				TARGETED_DEVICE_FAMILY = 4;
				WATCHOS_DEPLOYMENT_TARGET = 2.0;
			};
			name = Release;
		};
		04E2318E1DD81175001B70D2 /* Debug */ = {
			isa = XCBuildConfiguration;
			buildSettings = {
				ALWAYS_SEARCH_USER_PATHS = NO;
				CLANG_ANALYZER_NONNULL = YES;
				CLANG_CXX_LANGUAGE_STANDARD = "gnu++0x";
				CLANG_CXX_LIBRARY = "libc++";
				CLANG_ENABLE_MODULES = YES;
				CLANG_ENABLE_OBJC_ARC = YES;
				CLANG_WARN_BLOCK_CAPTURE_AUTORELEASING = YES;
				CLANG_WARN_BOOL_CONVERSION = YES;
				CLANG_WARN_COMMA = YES;
				CLANG_WARN_CONSTANT_CONVERSION = YES;
				CLANG_WARN_DIRECT_OBJC_ISA_USAGE = YES_ERROR;
				CLANG_WARN_DOCUMENTATION_COMMENTS = YES;
				CLANG_WARN_EMPTY_BODY = YES;
				CLANG_WARN_ENUM_CONVERSION = YES;
				CLANG_WARN_INFINITE_RECURSION = YES;
				CLANG_WARN_INT_CONVERSION = YES;
				CLANG_WARN_NON_LITERAL_NULL_CONVERSION = YES;
				CLANG_WARN_OBJC_LITERAL_CONVERSION = YES;
				CLANG_WARN_OBJC_ROOT_CLASS = YES_ERROR;
				CLANG_WARN_RANGE_LOOP_ANALYSIS = YES;
				CLANG_WARN_STRICT_PROTOTYPES = YES;
				CLANG_WARN_SUSPICIOUS_MOVE = YES;
				CLANG_WARN_SUSPICIOUS_MOVES = YES;
				CLANG_WARN_UNREACHABLE_CODE = YES;
				CLANG_WARN__DUPLICATE_METHOD_MATCH = YES;
				"CODE_SIGN_IDENTITY[sdk=iphoneos*]" = "iPhone Developer";
				COPY_PHASE_STRIP = NO;
				DEBUG_INFORMATION_FORMAT = dwarf;
				ENABLE_STRICT_OBJC_MSGSEND = YES;
				ENABLE_TESTABILITY = YES;
				GCC_C_LANGUAGE_STANDARD = gnu99;
				GCC_DYNAMIC_NO_PIC = NO;
				GCC_NO_COMMON_BLOCKS = YES;
				GCC_OPTIMIZATION_LEVEL = 0;
				GCC_PREPROCESSOR_DEFINITIONS = (
					"DEBUG=1",
					"$(inherited)",
				);
				GCC_WARN_64_TO_32_BIT_CONVERSION = YES;
				GCC_WARN_ABOUT_RETURN_TYPE = YES_ERROR;
				GCC_WARN_UNDECLARED_SELECTOR = YES;
				GCC_WARN_UNINITIALIZED_AUTOS = YES_AGGRESSIVE;
				GCC_WARN_UNUSED_FUNCTION = YES;
				GCC_WARN_UNUSED_VARIABLE = YES;
				IPHONEOS_DEPLOYMENT_TARGET = 9.0;
				MTL_ENABLE_DEBUG_INFO = YES;
				ONLY_ACTIVE_ARCH = YES;
				SDKROOT = iphoneos;
				SWIFT_ACTIVE_COMPILATION_CONDITIONS = DEBUG;
				SWIFT_OPTIMIZATION_LEVEL = "-Onone";
				TARGETED_DEVICE_FAMILY = "1,2";
			};
			name = Debug;
		};
		04E2318F1DD81175001B70D2 /* Release */ = {
			isa = XCBuildConfiguration;
			buildSettings = {
				ALWAYS_SEARCH_USER_PATHS = NO;
				CLANG_ANALYZER_NONNULL = YES;
				CLANG_CXX_LANGUAGE_STANDARD = "gnu++0x";
				CLANG_CXX_LIBRARY = "libc++";
				CLANG_ENABLE_MODULES = YES;
				CLANG_ENABLE_OBJC_ARC = YES;
				CLANG_WARN_BLOCK_CAPTURE_AUTORELEASING = YES;
				CLANG_WARN_BOOL_CONVERSION = YES;
				CLANG_WARN_COMMA = YES;
				CLANG_WARN_CONSTANT_CONVERSION = YES;
				CLANG_WARN_DIRECT_OBJC_ISA_USAGE = YES_ERROR;
				CLANG_WARN_DOCUMENTATION_COMMENTS = YES;
				CLANG_WARN_EMPTY_BODY = YES;
				CLANG_WARN_ENUM_CONVERSION = YES;
				CLANG_WARN_INFINITE_RECURSION = YES;
				CLANG_WARN_INT_CONVERSION = YES;
				CLANG_WARN_NON_LITERAL_NULL_CONVERSION = YES;
				CLANG_WARN_OBJC_LITERAL_CONVERSION = YES;
				CLANG_WARN_OBJC_ROOT_CLASS = YES_ERROR;
				CLANG_WARN_RANGE_LOOP_ANALYSIS = YES;
				CLANG_WARN_STRICT_PROTOTYPES = YES;
				CLANG_WARN_SUSPICIOUS_MOVE = YES;
				CLANG_WARN_SUSPICIOUS_MOVES = YES;
				CLANG_WARN_UNREACHABLE_CODE = YES;
				CLANG_WARN__DUPLICATE_METHOD_MATCH = YES;
				"CODE_SIGN_IDENTITY[sdk=iphoneos*]" = "iPhone Developer";
				COPY_PHASE_STRIP = NO;
				DEBUG_INFORMATION_FORMAT = "dwarf-with-dsym";
				ENABLE_NS_ASSERTIONS = NO;
				ENABLE_STRICT_OBJC_MSGSEND = YES;
				GCC_C_LANGUAGE_STANDARD = gnu99;
				GCC_NO_COMMON_BLOCKS = YES;
				GCC_WARN_64_TO_32_BIT_CONVERSION = YES;
				GCC_WARN_ABOUT_RETURN_TYPE = YES_ERROR;
				GCC_WARN_UNDECLARED_SELECTOR = YES;
				GCC_WARN_UNINITIALIZED_AUTOS = YES_AGGRESSIVE;
				GCC_WARN_UNUSED_FUNCTION = YES;
				GCC_WARN_UNUSED_VARIABLE = YES;
				IPHONEOS_DEPLOYMENT_TARGET = 9.0;
				MTL_ENABLE_DEBUG_INFO = NO;
				SDKROOT = iphoneos;
				SWIFT_OPTIMIZATION_LEVEL = "-Owholemodule";
				TARGETED_DEVICE_FAMILY = "1,2";
				VALIDATE_PRODUCT = YES;
			};
			name = Release;
		};
		04E231911DD81175001B70D2 /* Debug */ = {
			isa = XCBuildConfiguration;
			baseConfigurationReference = 2D91918747EDED316F1A923C /* Pods-Tap.debug.xcconfig */;
			buildSettings = {
				ASSETCATALOG_COMPILER_APPICON_NAME = AppIcon;
				CLANG_ENABLE_MODULES = YES;
				CODE_SIGN_ENTITLEMENTS = Tap/Tap.entitlements;
				CODE_SIGN_IDENTITY = "iPhone Developer: Thinh Nguyen (TVDVVWA6WP)";
				"CODE_SIGN_IDENTITY[sdk=iphoneos*]" = "iPhone Developer";
				DEVELOPMENT_TEAM = 8NBK23EYP2;
				INFOPLIST_FILE = "$(SRCROOT)/Tap/Info.plist";
				IPHONEOS_DEPLOYMENT_TARGET = 9.0;
				LD_RUNPATH_SEARCH_PATHS = "$(inherited) @executable_path/Frameworks";
				PRODUCT_BUNDLE_IDENTIFIER = "com.Aaron-Nguyen.Tap";
				PRODUCT_NAME = "$(TARGET_NAME)";
				PROVISIONING_PROFILE_SPECIFIER = "";
				SWIFT_OBJC_BRIDGING_HEADER = "";
				SWIFT_OPTIMIZATION_LEVEL = "-Onone";
				SWIFT_SWIFT3_OBJC_INFERENCE = Default;
				SWIFT_VERSION = 4.0;
			};
			name = Debug;
		};
		04E231921DD81175001B70D2 /* Release */ = {
			isa = XCBuildConfiguration;
			baseConfigurationReference = DC6B18857553213B52BC12ED /* Pods-Tap.release.xcconfig */;
			buildSettings = {
				ASSETCATALOG_COMPILER_APPICON_NAME = AppIcon;
				CLANG_ENABLE_MODULES = YES;
				CODE_SIGN_ENTITLEMENTS = Tap/Tap.entitlements;
				CODE_SIGN_IDENTITY = "iPhone Distribution: Thinh Nguyen (8NBK23EYP2)";
				"CODE_SIGN_IDENTITY[sdk=iphoneos*]" = "iPhone Developer";
				DEVELOPMENT_TEAM = 8NBK23EYP2;
				INFOPLIST_FILE = "$(SRCROOT)/Tap/Info.plist";
				IPHONEOS_DEPLOYMENT_TARGET = 9.0;
				LD_RUNPATH_SEARCH_PATHS = "$(inherited) @executable_path/Frameworks";
				PRODUCT_BUNDLE_IDENTIFIER = "com.Aaron-Nguyen.Tap";
				PRODUCT_NAME = "$(TARGET_NAME)";
				PROVISIONING_PROFILE_SPECIFIER = "";
				SWIFT_OBJC_BRIDGING_HEADER = "";
				SWIFT_SWIFT3_OBJC_INFERENCE = Default;
				SWIFT_VERSION = 4.0;
			};
			name = Release;
		};
		04E231941DD81175001B70D2 /* Debug */ = {
			isa = XCBuildConfiguration;
			baseConfigurationReference = 63BB11803F3D2F15D2B9021F /* Pods-TapTests.debug.xcconfig */;
			buildSettings = {
				ALWAYS_EMBED_SWIFT_STANDARD_LIBRARIES = YES;
				BUNDLE_LOADER = "$(TEST_HOST)";
				DEVELOPMENT_TEAM = 8NBK23EYP2;
				INFOPLIST_FILE = TapTests/Info.plist;
				LD_RUNPATH_SEARCH_PATHS = "$(inherited) @executable_path/Frameworks @loader_path/Frameworks";
				PRODUCT_BUNDLE_IDENTIFIER = "Aaron-Nguyen.TapTests";
				PRODUCT_NAME = "$(TARGET_NAME)";
				SWIFT_SWIFT3_OBJC_INFERENCE = Default;
				SWIFT_VERSION = 4.0;
				TEST_HOST = "$(BUILT_PRODUCTS_DIR)/Tap.app/Tap";
			};
			name = Debug;
		};
		04E231951DD81175001B70D2 /* Release */ = {
			isa = XCBuildConfiguration;
			baseConfigurationReference = C0850AB5A68DB140318E8953 /* Pods-TapTests.release.xcconfig */;
			buildSettings = {
				ALWAYS_EMBED_SWIFT_STANDARD_LIBRARIES = YES;
				BUNDLE_LOADER = "$(TEST_HOST)";
				DEVELOPMENT_TEAM = 8NBK23EYP2;
				INFOPLIST_FILE = TapTests/Info.plist;
				LD_RUNPATH_SEARCH_PATHS = "$(inherited) @executable_path/Frameworks @loader_path/Frameworks";
				PRODUCT_BUNDLE_IDENTIFIER = "Aaron-Nguyen.TapTests";
				PRODUCT_NAME = "$(TARGET_NAME)";
				SWIFT_SWIFT3_OBJC_INFERENCE = Default;
				SWIFT_VERSION = 4.0;
				TEST_HOST = "$(BUILT_PRODUCTS_DIR)/Tap.app/Tap";
			};
			name = Release;
		};
		04E231971DD81175001B70D2 /* Debug */ = {
			isa = XCBuildConfiguration;
			baseConfigurationReference = 14E8FDAEA8974A67F617D5AE /* Pods-TapUITests.debug.xcconfig */;
			buildSettings = {
				ALWAYS_EMBED_SWIFT_STANDARD_LIBRARIES = YES;
				DEVELOPMENT_TEAM = 8NBK23EYP2;
				INFOPLIST_FILE = TapUITests/Info.plist;
				LD_RUNPATH_SEARCH_PATHS = "$(inherited) @executable_path/Frameworks @loader_path/Frameworks";
				PRODUCT_BUNDLE_IDENTIFIER = "Aaron-Nguyen.TapUITests";
				PRODUCT_NAME = "$(TARGET_NAME)";
				SWIFT_SWIFT3_OBJC_INFERENCE = Default;
				SWIFT_VERSION = 4.0;
				TEST_TARGET_NAME = Tap;
			};
			name = Debug;
		};
		04E231981DD81175001B70D2 /* Release */ = {
			isa = XCBuildConfiguration;
			baseConfigurationReference = F8D9DB4BF6C3FB8552D12ED5 /* Pods-TapUITests.release.xcconfig */;
			buildSettings = {
				ALWAYS_EMBED_SWIFT_STANDARD_LIBRARIES = YES;
				DEVELOPMENT_TEAM = 8NBK23EYP2;
				INFOPLIST_FILE = TapUITests/Info.plist;
				LD_RUNPATH_SEARCH_PATHS = "$(inherited) @executable_path/Frameworks @loader_path/Frameworks";
				PRODUCT_BUNDLE_IDENTIFIER = "Aaron-Nguyen.TapUITests";
				PRODUCT_NAME = "$(TARGET_NAME)";
				SWIFT_SWIFT3_OBJC_INFERENCE = Default;
				SWIFT_VERSION = 4.0;
				TEST_TARGET_NAME = Tap;
			};
			name = Release;
		};
/* End XCBuildConfiguration section */

/* Begin XCConfigurationList section */
		04A6B9931FDE8B8800EF6DFF /* Build configuration list for PBXNativeTarget "QuickTapWE Extension" */ = {
			isa = XCConfigurationList;
			buildConfigurations = (
				04A6B9941FDE8B8800EF6DFF /* Debug */,
				04A6B9951FDE8B8800EF6DFF /* Release */,
			);
			defaultConfigurationIsVisible = 0;
			defaultConfigurationName = Release;
		};
		04A6B9971FDE8B8800EF6DFF /* Build configuration list for PBXNativeTarget "QuickTapWE" */ = {
			isa = XCConfigurationList;
			buildConfigurations = (
				04A6B9981FDE8B8800EF6DFF /* Debug */,
				04A6B9991FDE8B8800EF6DFF /* Release */,
			);
			defaultConfigurationIsVisible = 0;
			defaultConfigurationName = Release;
		};
		04E231631DD81174001B70D2 /* Build configuration list for PBXProject "Tap" */ = {
			isa = XCConfigurationList;
			buildConfigurations = (
				04E2318E1DD81175001B70D2 /* Debug */,
				04E2318F1DD81175001B70D2 /* Release */,
			);
			defaultConfigurationIsVisible = 0;
			defaultConfigurationName = Release;
		};
		04E231901DD81175001B70D2 /* Build configuration list for PBXNativeTarget "Tap" */ = {
			isa = XCConfigurationList;
			buildConfigurations = (
				04E231911DD81175001B70D2 /* Debug */,
				04E231921DD81175001B70D2 /* Release */,
			);
			defaultConfigurationIsVisible = 0;
			defaultConfigurationName = Release;
		};
		04E231931DD81175001B70D2 /* Build configuration list for PBXNativeTarget "TapTests" */ = {
			isa = XCConfigurationList;
			buildConfigurations = (
				04E231941DD81175001B70D2 /* Debug */,
				04E231951DD81175001B70D2 /* Release */,
			);
			defaultConfigurationIsVisible = 0;
			defaultConfigurationName = Release;
		};
		04E231961DD81175001B70D2 /* Build configuration list for PBXNativeTarget "TapUITests" */ = {
			isa = XCConfigurationList;
			buildConfigurations = (
				04E231971DD81175001B70D2 /* Debug */,
				04E231981DD81175001B70D2 /* Release */,
			);
			defaultConfigurationIsVisible = 0;
			defaultConfigurationName = Release;
		};
/* End XCConfigurationList section */
	};
	rootObject = 04E231601DD81174001B70D2 /* Project object */;
}
